# This file is generated by running "yarn install" inside your project.
# Manual changes might be lost - proceed with caution!

__metadata:
  version: 6
  cacheKey: 8

"@tauri-apps/cli-darwin-arm64@npm:1.2.2":
  version: 1.2.2
  resolution: "@tauri-apps/cli-darwin-arm64@npm:1.2.2"
  conditions: os=darwin & cpu=arm64
  languageName: node
  linkType: hard

"@tauri-apps/cli-darwin-x64@npm:1.2.2":
  version: 1.2.2
  resolution: "@tauri-apps/cli-darwin-x64@npm:1.2.2"
  conditions: os=darwin & cpu=x64
  languageName: node
  linkType: hard

"@tauri-apps/cli-linux-arm-gnueabihf@npm:1.2.2":
  version: 1.2.2
  resolution: "@tauri-apps/cli-linux-arm-gnueabihf@npm:1.2.2"
  conditions: os=linux & cpu=arm
  languageName: node
  linkType: hard

"@tauri-apps/cli-linux-arm64-gnu@npm:1.2.2":
  version: 1.2.2
  resolution: "@tauri-apps/cli-linux-arm64-gnu@npm:1.2.2"
  conditions: os=linux & cpu=arm64 & libc=glibc
  languageName: node
  linkType: hard

"@tauri-apps/cli-linux-arm64-musl@npm:1.2.2":
  version: 1.2.2
  resolution: "@tauri-apps/cli-linux-arm64-musl@npm:1.2.2"
  conditions: os=linux & cpu=arm64 & libc=musl
  languageName: node
  linkType: hard

"@tauri-apps/cli-linux-x64-gnu@npm:1.2.2":
  version: 1.2.2
  resolution: "@tauri-apps/cli-linux-x64-gnu@npm:1.2.2"
  conditions: os=linux & cpu=x64 & libc=glibc
  languageName: node
  linkType: hard

"@tauri-apps/cli-linux-x64-musl@npm:1.2.2":
  version: 1.2.2
  resolution: "@tauri-apps/cli-linux-x64-musl@npm:1.2.2"
  conditions: os=linux & cpu=x64 & libc=musl
  languageName: node
  linkType: hard

"@tauri-apps/cli-win32-ia32-msvc@npm:1.2.2":
  version: 1.2.2
  resolution: "@tauri-apps/cli-win32-ia32-msvc@npm:1.2.2"
  conditions: os=win32 & cpu=ia32
  languageName: node
  linkType: hard

"@tauri-apps/cli-win32-x64-msvc@npm:1.2.2":
  version: 1.2.2
  resolution: "@tauri-apps/cli-win32-x64-msvc@npm:1.2.2"
  conditions: os=win32 & cpu=x64
  languageName: node
  linkType: hard

"@tauri-apps/cli@npm:^1.2.2":
  version: 1.2.2
  resolution: "@tauri-apps/cli@npm:1.2.2"
  dependencies:
    "@tauri-apps/cli-darwin-arm64": 1.2.2
    "@tauri-apps/cli-darwin-x64": 1.2.2
    "@tauri-apps/cli-linux-arm-gnueabihf": 1.2.2
    "@tauri-apps/cli-linux-arm64-gnu": 1.2.2
    "@tauri-apps/cli-linux-arm64-musl": 1.2.2
    "@tauri-apps/cli-linux-x64-gnu": 1.2.2
    "@tauri-apps/cli-linux-x64-musl": 1.2.2
    "@tauri-apps/cli-win32-ia32-msvc": 1.2.2
    "@tauri-apps/cli-win32-x64-msvc": 1.2.2
  dependenciesMeta:
    "@tauri-apps/cli-darwin-arm64":
      optional: true
    "@tauri-apps/cli-darwin-x64":
      optional: true
    "@tauri-apps/cli-linux-arm-gnueabihf":
      optional: true
    "@tauri-apps/cli-linux-arm64-gnu":
      optional: true
    "@tauri-apps/cli-linux-arm64-musl":
      optional: true
    "@tauri-apps/cli-linux-x64-gnu":
      optional: true
    "@tauri-apps/cli-linux-x64-musl":
      optional: true
    "@tauri-apps/cli-win32-ia32-msvc":
      optional: true
    "@tauri-apps/cli-win32-x64-msvc":
      optional: true
  bin:
    tauri: tauri.js
  checksum: 784d36958aee65cb615592346e555a6f8084c4448db7392eafddb9c4dfbab5ac169eade9e1ffb7104629dc7421361e8a02fd625178601c90bc7cde024307bf4e
  languageName: node
  linkType: hard

"tauri-test-01@workspace:.":
  version: 0.0.0-use.local
  resolution: "tauri-test-01@workspace:."
  dependencies:
    "@tauri-apps/cli": ^1.2.2
  languageName: unknown
  linkType: soft
